
Microsoft Visual Studio Solution File, Format Version 12.00
# Visual Studio Version 16
VisualStudioVersion = 16.0.809.10
MinimumVisualStudioVersion = 10.0.40219.1
Project("{9344BDBB-3E7F-41FC-A0DD-8665D75EE146}") = "CSS-exercises", "CSS-exercises\CSS-exercises.mdproj", "{492BB7FA-6D62-4374-A898-CFDA255EAED9}"
EndProject
Project("{9344BDBB-3E7F-41FC-A0DD-8665D75EE146}") = "HTML-Exercises", "HTML-Exercises\HTML-Exercises.mdproj", "{C9F9C5FC-F9BF-4242-9675-4D968712D9B1}"
EndProject
Global
	GlobalSection(SolutionConfigurationPlatforms) = preSolution
		Default|Any CPU = Default|Any CPU
	EndGlobalSection
	GlobalSection(ProjectConfigurationPlatforms) = postSolution
		{492BB7FA-6D62-4374-A898-CFDA255EAED9}.Default|Any CPU.ActiveCfg = Default|Any CPU
		{492BB7FA-6D62-4374-A898-CFDA255EAED9}.Default|Any CPU.Build.0 = Default|Any CPU
		{C9F9C5FC-F9BF-4242-9675-4D968712D9B1}.Default|Any CPU.ActiveCfg = Default|Any CPU
		{C9F9C5FC-F9BF-4242-9675-4D968712D9B1}.Default|Any CPU.Build.0 = Default|Any CPU
	EndGlobalSection
	GlobalSection(SolutionProperties) = preSolution
		HideSolutionNode = FALSE
	EndGlobalSection
	GlobalSection(ExtensibilityGlobals) = postSolution
		SolutionGuid = {AE1ED6E6-D458-43DA-95E9-BED219C47574}
	EndGlobalSection
EndGlobal
